# This file was autogenerated by Stack.
# You should not edit this file by hand.
# For more information, please see the documentation at:
#   https://docs.haskellstack.org/en/stable/lock_files

packages:
- completed:
    hackage: heart-core-0.1.0@sha256:b6a636945681716a4d7c126cbd5232e76cb7046ab0e8faf666e20dfde0242285,2167
    pantry-tree:
      size: 811
      sha256: 21bdfeaefabb4f7fd12c8b55bf7d1dddf8d15fb8292cb8df903cdff65bc90e1c
  original:
    hackage: heart-core-0.1.0
- completed:
    hackage: heart-app-0.1.0@sha256:d62351bf8cf35cf71ce9d3e5eab0204711245747a051183c36ea6e124f51bc7d,1872
    pantry-tree:
      size: 476
      sha256: 88ad12b81c8f488e2ad5d51b6855386151d8b50bacaa229f418f7ad7abd43576
  original:
    hackage: heart-app-0.1.0
snapshots:
- completed:
    size: 524154
    url: https://raw.githubusercontent.com/commercialhaskell/stackage-snapshots/master/lts/14/20.yaml
    sha256: 2f5099f69ddb6abfe64400fe1e6a604e8e628f55e6837211cd70a81eb0a8fa4d
  original: lts-14.20
