# This file was autogenerated by Stack.
# You should not edit this file by hand.
# For more information, please see the documentation at:
#   https://docs.haskellstack.org/en/stable/lock_files

packages:
- completed:
    hackage: heart-core-0.1.1@sha256:d95495760448378924296532d57562f6e54e262528878ba545e3440ecbf16d90,1949
    pantry-tree:
      size: 811
      sha256: 87d58b248f1cadf917752b3cf0f43640d114ac6714411091b4f3b3b9dfa98425
  original:
    hackage: heart-core-0.1.1
- completed:
    hackage: heart-app-0.1.1@sha256:e9f67f8cd4e020a3cf0c6abb5827b04ecfd0e595bebe6ff2673b28765d8f8456,1874
    pantry-tree:
      size: 476
      sha256: 18bdaba8d689df52105b6808e24d3b64707db7f9b313b22e8203591abb8c9649
  original:
    hackage: heart-app-0.1.1
snapshots:
- completed:
    size: 524154
    url: https://raw.githubusercontent.com/commercialhaskell/stackage-snapshots/master/lts/14/20.yaml
    sha256: 2f5099f69ddb6abfe64400fe1e6a604e8e628f55e6837211cd70a81eb0a8fa4d
  original: lts-14.20
