# This file was autogenerated by Stack.
# You should not edit this file by hand.
# For more information, please see the documentation at:
#   https://docs.haskellstack.org/en/stable/lock_files

packages:
- completed:
    hackage: little-logger-1.0.1@sha256:3c2bc7a993a74d0ee4afb86ddbe6b246443392384bbd99ee3a7a030cc6d60060,2219
    pantry-tree:
      sha256: 825572cf5c1660f00b2ac1ad35b59534c9d44945d0929dc417c4ee57074db052
      size: 318
  original:
    hackage: little-logger-1.0.1
- completed:
    hackage: little-rio-1.0.1@sha256:bdad4727ede007138b7722c45470eb1a26e39da2c67051dbe55b76453e7f3ee3,1686
    pantry-tree:
      sha256: d01b8c493e5288ff5096fe0a86571b84c89082617ea8eb5bda39bb986aa18b94
      size: 259
  original:
    hackage: little-rio-1.0.1
snapshots:
- completed:
    sha256: 0ced7f93245307212900d760c1322dfb527c4b902868c11ccac37f48b7d4ebb9
    size: 619200
    url: https://raw.githubusercontent.com/commercialhaskell/stackage-snapshots/master/lts/19/29.yaml
  original: lts-19.29
